<?xml version="1.0" encoding="UTF-8" standalone="yes" ?>
<CodeBlocks_project_file>
	<FileVersion major="1" minor="6" />
	<Project>
		<Option title="calibrator" />
		<Option pch_mode="2" />
		<Option compiler="gcc" />
		<Build>
			<Target title="Debug">
				<Option output="../../bin/Domefy-Morfological-Calibrator_Debug" prefix_auto="1" extension_auto="1" />
				<Option object_output="obj/Debug/" />
				<Option type="1" />
				<Option compiler="gcc" />
				<Compiler>
					<Add option="-std=c++14" />
					<Add option="-g" />
					<Add directory="../../include" />
					<Add directory="./" />
				</Compiler>
				<Linker>
					<Add library="libfltk.a" />
					<Add library="libfltk_forms.a" />
					<Add library="libfltk_gl.a" />
					<Add library="libfltk_images.a" />
					<Add library="libTNet.a" />
					<Add library="X11" />
					<Add library="dl" />
					<Add library="Xft" />
					<Add library="m" />
					<Add library="z" />
					<Add library="Xcursor" />
					<Add library="Xrender" />
					<Add library="Xfixes" />
					<Add library="Xxf86vm" />
					<Add library="fontconfig" />
					<Add library="Xinerama" />
					<Add library="Xext" />
					<Add directory="../../lib/Ubuntu GCC" />
				</Linker>
			</Target>
			<Target title="Release">
				<Option output="bin/Release/calibrator" prefix_auto="1" extension_auto="1" />
				<Option object_output="obj/Release/" />
				<Option type="1" />
				<Option compiler="gcc" />
				<Compiler>
					<Add option="-O2" />
				</Compiler>
				<Linker>
					<Add option="-s" />
				</Linker>
			</Target>
		</Build>
		<Compiler>
			<Add option="-Wall" />
			<Add option="-fexceptions" />
		</Compiler>
		<Unit filename="dv_asset.h" />
		<Unit filename="fltk_window_example_template.cpp" />
		<Extensions>
			<code_completion />
			<envvars />
			<lib_finder disable_auto="1" />
			<debugger />
		</Extensions>
	</Project>
</CodeBlocks_project_file>
